// !$*UTF8*$!
{
	archiveVersion = 1;
	classes = {
	};
	objectVersion = 50;
	objects = {

/* Begin PBXBuildFile section */
		2D7F4A6A24A330A400D12E32 /* UIView+CustomViewStyleSetup.swift in Sources */ = {isa = PBXBuildFile; fileRef = 2D7F4A6924A330A400D12E32 /* UIView+CustomViewStyleSetup.swift */; };
		2D7F4A6C24A3F7A700D12E32 /* FolderCollectionViewCell.swift in Sources */ = {isa = PBXBuildFile; fileRef = 2D7F4A6B24A3F7A700D12E32 /* FolderCollectionViewCell.swift */; };
		2D7F4A6E24A5AB9600D12E32 /* ColorConstants.swift in Sources */ = {isa = PBXBuildFile; fileRef = 2D7F4A6D24A5AB9600D12E32 /* ColorConstants.swift */; };
		2D7F4A7224A9BE6F00D12E32 /* ButtonAnimation.swift in Sources */ = {isa = PBXBuildFile; fileRef = 2D7F4A7124A9BE6F00D12E32 /* ButtonAnimation.swift */; };
		2D7F4A8224B3356500D12E32 /* NoteListTableViewCell.swift in Sources */ = {isa = PBXBuildFile; fileRef = 2D7F4A8124B3356400D12E32 /* NoteListTableViewCell.swift */; };
		2D9F94AE2499CD950089D01D /* Notes+CoreDataClass.swift in Sources */ = {isa = PBXBuildFile; fileRef = 2D9F94AA2499CD950089D01D /* Notes+CoreDataClass.swift */; };
		2D9F94AF2499CD950089D01D /* Notes+CoreDataProperties.swift in Sources */ = {isa = PBXBuildFile; fileRef = 2D9F94AB2499CD950089D01D /* Notes+CoreDataProperties.swift */; };
		2D9F94B02499CD950089D01D /* Folders+CoreDataClass.swift in Sources */ = {isa = PBXBuildFile; fileRef = 2D9F94AC2499CD950089D01D /* Folders+CoreDataClass.swift */; };
		2D9F94B12499CD950089D01D /* Folders+CoreDataProperties.swift in Sources */ = {isa = PBXBuildFile; fileRef = 2D9F94AD2499CD950089D01D /* Folders+CoreDataProperties.swift */; };
		2DDC6867248EF886002DA9E1 /* AppDelegate.swift in Sources */ = {isa = PBXBuildFile; fileRef = 2DDC6866248EF886002DA9E1 /* AppDelegate.swift */; };
		2DDC6869248EF886002DA9E1 /* SceneDelegate.swift in Sources */ = {isa = PBXBuildFile; fileRef = 2DDC6868248EF886002DA9E1 /* SceneDelegate.swift */; };
		2DDC686B248EF886002DA9E1 /* ListViewController.swift in Sources */ = {isa = PBXBuildFile; fileRef = 2DDC686A248EF886002DA9E1 /* ListViewController.swift */; };
		2DDC686E248EF886002DA9E1 /* Main.storyboard in Resources */ = {isa = PBXBuildFile; fileRef = 2DDC686C248EF886002DA9E1 /* Main.storyboard */; };
		2DDC6871248EF886002DA9E1 /* EpicNote.xcdatamodeld in Sources */ = {isa = PBXBuildFile; fileRef = 2DDC686F248EF886002DA9E1 /* EpicNote.xcdatamodeld */; };
		2DDC6873248EF888002DA9E1 /* Assets.xcassets in Resources */ = {isa = PBXBuildFile; fileRef = 2DDC6872248EF888002DA9E1 /* Assets.xcassets */; };
		2DDC6876248EF888002DA9E1 /* LaunchScreen.storyboard in Resources */ = {isa = PBXBuildFile; fileRef = 2DDC6874248EF888002DA9E1 /* LaunchScreen.storyboard */; };
		2DDC687E248F094E002DA9E1 /* NoteViewController.swift in Sources */ = {isa = PBXBuildFile; fileRef = 2DDC687D248F094E002DA9E1 /* NoteViewController.swift */; };
		2DDC68832493BCF6002DA9E1 /* FolderViewController.swift in Sources */ = {isa = PBXBuildFile; fileRef = 2DDC68822493BCF6002DA9E1 /* FolderViewController.swift */; };
		2DDC688524944546002DA9E1 /* ShowNoteViewController.swift in Sources */ = {isa = PBXBuildFile; fileRef = 2DDC688424944546002DA9E1 /* ShowNoteViewController.swift */; };
		2DDC68882495D8F5002DA9E1 /* ManageFolders.swift in Sources */ = {isa = PBXBuildFile; fileRef = 2DDC68872495D8F5002DA9E1 /* ManageFolders.swift */; };
/* End PBXBuildFile section */

/* Begin PBXFileReference section */
		2D7F4A6924A330A400D12E32 /* UIView+CustomViewStyleSetup.swift */ = {isa = PBXFileReference; lastKnownFileType = sourcecode.swift; path = "UIView+CustomViewStyleSetup.swift"; sourceTree = "<group>"; };
		2D7F4A6B24A3F7A700D12E32 /* FolderCollectionViewCell.swift */ = {isa = PBXFileReference; lastKnownFileType = sourcecode.swift; path = FolderCollectionViewCell.swift; sourceTree = "<group>"; };
		2D7F4A6D24A5AB9600D12E32 /* ColorConstants.swift */ = {isa = PBXFileReference; lastKnownFileType = sourcecode.swift; path = ColorConstants.swift; sourceTree = "<group>"; };
		2D7F4A7124A9BE6F00D12E32 /* ButtonAnimation.swift */ = {isa = PBXFileReference; lastKnownFileType = sourcecode.swift; path = ButtonAnimation.swift; sourceTree = "<group>"; };
		2D7F4A8124B3356400D12E32 /* NoteListTableViewCell.swift */ = {isa = PBXFileReference; lastKnownFileType = sourcecode.swift; path = NoteListTableViewCell.swift; sourceTree = "<group>"; };
		2D9F94AA2499CD950089D01D /* Notes+CoreDataClass.swift */ = {isa = PBXFileReference; lastKnownFileType = sourcecode.swift; path = "Notes+CoreDataClass.swift"; sourceTree = SOURCE_ROOT; };
		2D9F94AB2499CD950089D01D /* Notes+CoreDataProperties.swift */ = {isa = PBXFileReference; lastKnownFileType = sourcecode.swift; path = "Notes+CoreDataProperties.swift"; sourceTree = SOURCE_ROOT; };
		2D9F94AC2499CD950089D01D /* Folders+CoreDataClass.swift */ = {isa = PBXFileReference; lastKnownFileType = sourcecode.swift; path = "Folders+CoreDataClass.swift"; sourceTree = SOURCE_ROOT; };
		2D9F94AD2499CD950089D01D /* Folders+CoreDataProperties.swift */ = {isa = PBXFileReference; lastKnownFileType = sourcecode.swift; path = "Folders+CoreDataProperties.swift"; sourceTree = SOURCE_ROOT; };
		2DDC6863248EF886002DA9E1 /* EpicNote.app */ = {isa = PBXFileReference; explicitFileType = wrapper.application; includeInIndex = 0; path = EpicNote.app; sourceTree = BUILT_PRODUCTS_DIR; };
		2DDC6866248EF886002DA9E1 /* AppDelegate.swift */ = {isa = PBXFileReference; lastKnownFileType = sourcecode.swift; path = AppDelegate.swift; sourceTree = "<group>"; };
		2DDC6868248EF886002DA9E1 /* SceneDelegate.swift */ = {isa = PBXFileReference; lastKnownFileType = sourcecode.swift; path = SceneDelegate.swift; sourceTree = "<group>"; };
		2DDC686A248EF886002DA9E1 /* ListViewController.swift */ = {isa = PBXFileReference; lastKnownFileType = sourcecode.swift; path = ListViewController.swift; sourceTree = "<group>"; };
		2DDC686D248EF886002DA9E1 /* Base */ = {isa = PBXFileReference; lastKnownFileType = file.storyboard; name = Base; path = Base.lproj/Main.storyboard; sourceTree = "<group>"; };
		2DDC6870248EF886002DA9E1 /* EpicNote.xcdatamodel */ = {isa = PBXFileReference; lastKnownFileType = wrapper.xcdatamodel; path = EpicNote.xcdatamodel; sourceTree = "<group>"; };
		2DDC6872248EF888002DA9E1 /* Assets.xcassets */ = {isa = PBXFileReference; lastKnownFileType = folder.assetcatalog; path = Assets.xcassets; sourceTree = "<group>"; };
		2DDC6875248EF888002DA9E1 /* Base */ = {isa = PBXFileReference; lastKnownFileType = file.storyboard; name = Base; path = Base.lproj/LaunchScreen.storyboard; sourceTree = "<group>"; };
		2DDC6877248EF888002DA9E1 /* Info.plist */ = {isa = PBXFileReference; lastKnownFileType = text.plist.xml; path = Info.plist; sourceTree = "<group>"; };
		2DDC687D248F094E002DA9E1 /* NoteViewController.swift */ = {isa = PBXFileReference; lastKnownFileType = sourcecode.swift; path = NoteViewController.swift; sourceTree = "<group>"; };
		2DDC68822493BCF6002DA9E1 /* FolderViewController.swift */ = {isa = PBXFileReference; lastKnownFileType = sourcecode.swift; path = FolderViewController.swift; sourceTree = "<group>"; };
		2DDC688424944546002DA9E1 /* ShowNoteViewController.swift */ = {isa = PBXFileReference; lastKnownFileType = sourcecode.swift; path = ShowNoteViewController.swift; sourceTree = "<group>"; };
		2DDC68872495D8F5002DA9E1 /* ManageFolders.swift */ = {isa = PBXFileReference; lastKnownFileType = sourcecode.swift; path = ManageFolders.swift; sourceTree = "<group>"; };
/* End PBXFileReference section */

/* Begin PBXFrameworksBuildPhase section */
		2DDC6860248EF886002DA9E1 /* Frameworks */ = {
			isa = PBXFrameworksBuildPhase;
			buildActionMask = 2147483647;
			files = (
			);
			runOnlyForDeploymentPostprocessing = 0;
		};
/* End PBXFrameworksBuildPhase section */

/* Begin PBXGroup section */
		2D7F4A6624A3209100D12E32 /* cells */ = {
			isa = PBXGroup;
			children = (
				2D7F4A6B24A3F7A700D12E32 /* FolderCollectionViewCell.swift */,
				2D7F4A8124B3356400D12E32 /* NoteListTableViewCell.swift */,
			);
			path = cells;
			sourceTree = "<group>";
		};
		2D9F94A92499CD320089D01D /* Core Data classes */ = {
			isa = PBXGroup;
			children = (
				2D9F94AA2499CD950089D01D /* Notes+CoreDataClass.swift */,
				2D9F94AB2499CD950089D01D /* Notes+CoreDataProperties.swift */,
				2D9F94AC2499CD950089D01D /* Folders+CoreDataClass.swift */,
				2D9F94AD2499CD950089D01D /* Folders+CoreDataProperties.swift */,
			);
			path = "Core Data classes";
			sourceTree = "<group>";
		};
		2DDC685A248EF886002DA9E1 = {
			isa = PBXGroup;
			children = (
				2D7F4A6624A3209100D12E32 /* cells */,
				2D9F94A92499CD320089D01D /* Core Data classes */,
				2DDC68862495D8BA002DA9E1 /* Base Classes */,
				2DDC6865248EF886002DA9E1 /* EpicNote */,
				2DDC6864248EF886002DA9E1 /* Products */,
			);
			sourceTree = "<group>";
		};
		2DDC6864248EF886002DA9E1 /* Products */ = {
			isa = PBXGroup;
			children = (
				2DDC6863248EF886002DA9E1 /* EpicNote.app */,
			);
			name = Products;
			sourceTree = "<group>";
		};
		2DDC6865248EF886002DA9E1 /* EpicNote */ = {
			isa = PBXGroup;
			children = (
				2DDC6880248F0965002DA9E1 /* Controller */,
				2DDC687F248F0957002DA9E1 /* View */,
				2DDC6866248EF886002DA9E1 /* AppDelegate.swift */,
				2DDC6868248EF886002DA9E1 /* SceneDelegate.swift */,
				2DDC6872248EF888002DA9E1 /* Assets.xcassets */,
				2DDC6874248EF888002DA9E1 /* LaunchScreen.storyboard */,
				2DDC6877248EF888002DA9E1 /* Info.plist */,
				2DDC686F248EF886002DA9E1 /* EpicNote.xcdatamodeld */,
			);
			path = EpicNote;
			sourceTree = "<group>";
		};
		2DDC687F248F0957002DA9E1 /* View */ = {
			isa = PBXGroup;
			children = (
				2DDC686C248EF886002DA9E1 /* Main.storyboard */,
			);
			path = View;
			sourceTree = "<group>";
		};
		2DDC6880248F0965002DA9E1 /* Controller */ = {
			isa = PBXGroup;
			children = (
				2DDC686A248EF886002DA9E1 /* ListViewController.swift */,
				2DDC687D248F094E002DA9E1 /* NoteViewController.swift */,
				2DDC68822493BCF6002DA9E1 /* FolderViewController.swift */,
				2DDC688424944546002DA9E1 /* ShowNoteViewController.swift */,
			);
			path = Controller;
			sourceTree = "<group>";
		};
		2DDC68862495D8BA002DA9E1 /* Base Classes */ = {
			isa = PBXGroup;
			children = (
				2DDC68872495D8F5002DA9E1 /* ManageFolders.swift */,
				2D7F4A6924A330A400D12E32 /* UIView+CustomViewStyleSetup.swift */,
				2D7F4A6D24A5AB9600D12E32 /* ColorConstants.swift */,
				2D7F4A7124A9BE6F00D12E32 /* ButtonAnimation.swift */,
			);
			path = "Base Classes";
			sourceTree = "<group>";
		};
/* End PBXGroup section */

/* Begin PBXNativeTarget section */
		2DDC6862248EF886002DA9E1 /* EpicNote */ = {
			isa = PBXNativeTarget;
			buildConfigurationList = 2DDC687A248EF888002DA9E1 /* Build configuration list for PBXNativeTarget "EpicNote" */;
			buildPhases = (
				2DDC685F248EF886002DA9E1 /* Sources */,
				2DDC6860248EF886002DA9E1 /* Frameworks */,
				2DDC6861248EF886002DA9E1 /* Resources */,
			);
			buildRules = (
			);
			dependencies = (
			);
			name = EpicNote;
			productName = EpicNote;
			productReference = 2DDC6863248EF886002DA9E1 /* EpicNote.app */;
			productType = "com.apple.product-type.application";
		};
/* End PBXNativeTarget section */

/* Begin PBXProject section */
		2DDC685B248EF886002DA9E1 /* Project object */ = {
			isa = PBXProject;
			attributes = {
				LastSwiftUpdateCheck = 1150;
				LastUpgradeCheck = 1150;
				ORGANIZATIONNAME = "Jay Panchal";
				TargetAttributes = {
					2DDC6862248EF886002DA9E1 = {
						CreatedOnToolsVersion = 11.5;
					};
				};
			};
			buildConfigurationList = 2DDC685E248EF886002DA9E1 /* Build configuration list for PBXProject "EpicNote" */;
			compatibilityVersion = "Xcode 9.3";
			developmentRegion = en;
			hasScannedForEncodings = 0;
			knownRegions = (
				en,
				Base,
			);
			mainGroup = 2DDC685A248EF886002DA9E1;
			productRefGroup = 2DDC6864248EF886002DA9E1 /* Products */;
			projectDirPath = "";
			projectRoot = "";
			targets = (
				2DDC6862248EF886002DA9E1 /* EpicNote */,
			);
		};
/* End PBXProject section */

/* Begin PBXResourcesBuildPhase section */
		2DDC6861248EF886002DA9E1 /* Resources */ = {
			isa = PBXResourcesBuildPhase;
			buildActionMask = 2147483647;
			files = (
				2DDC6876248EF888002DA9E1 /* LaunchScreen.storyboard in Resources */,
				2DDC6873248EF888002DA9E1 /* Assets.xcassets in Resources */,
				2DDC686E248EF886002DA9E1 /* Main.storyboard in Resources */,
			);
			runOnlyForDeploymentPostprocessing = 0;
		};
/* End PBXResourcesBuildPhase section */

/* Begin PBXSourcesBuildPhase section */
		2DDC685F248EF886002DA9E1 /* Sources */ = {
			isa = PBXSourcesBuildPhase;
			buildActionMask = 2147483647;
			files = (
				2DDC6871248EF886002DA9E1 /* EpicNote.xcdatamodeld in Sources */,
				2DDC686B248EF886002DA9E1 /* ListViewController.swift in Sources */,
				2D7F4A8224B3356500D12E32 /* NoteListTableViewCell.swift in Sources */,
				2DDC68832493BCF6002DA9E1 /* FolderViewController.swift in Sources */,
				2DDC6867248EF886002DA9E1 /* AppDelegate.swift in Sources */,
				2D9F94AE2499CD950089D01D /* Notes+CoreDataClass.swift in Sources */,
				2DDC687E248F094E002DA9E1 /* NoteViewController.swift in Sources */,
				2DDC6869248EF886002DA9E1 /* SceneDelegate.swift in Sources */,
				2D7F4A6A24A330A400D12E32 /* UIView+CustomViewStyleSetup.swift in Sources */,
				2DDC68882495D8F5002DA9E1 /* ManageFolders.swift in Sources */,
				2DDC688524944546002DA9E1 /* ShowNoteViewController.swift in Sources */,
				2D7F4A6E24A5AB9600D12E32 /* ColorConstants.swift in Sources */,
				2D9F94B02499CD950089D01D /* Folders+CoreDataClass.swift in Sources */,
				2D7F4A7224A9BE6F00D12E32 /* ButtonAnimation.swift in Sources */,
				2D9F94B12499CD950089D01D /* Folders+CoreDataProperties.swift in Sources */,
				2D7F4A6C24A3F7A700D12E32 /* FolderCollectionViewCell.swift in Sources */,
				2D9F94AF2499CD950089D01D /* Notes+CoreDataProperties.swift in Sources */,
			);
			runOnlyForDeploymentPostprocessing = 0;
		};
/* End PBXSourcesBuildPhase section */

/* Begin PBXVariantGroup section */
		2DDC686C248EF886002DA9E1 /* Main.storyboard */ = {
			isa = PBXVariantGroup;
			children = (
				2DDC686D248EF886002DA9E1 /* Base */,
			);
			name = Main.storyboard;
			sourceTree = "<group>";
		};
		2DDC6874248EF888002DA9E1 /* LaunchScreen.storyboard */ = {
			isa = PBXVariantGroup;
			children = (
				2DDC6875248EF888002DA9E1 /* Base */,
			);
			name = LaunchScreen.storyboard;
			sourceTree = "<group>";
		};
/* End PBXVariantGroup section */

/* Begin XCBuildConfiguration section */
		2DDC6878248EF888002DA9E1 /* Debug */ = {
			isa = XCBuildConfiguration;
			buildSettings = {
				ALWAYS_SEARCH_USER_PATHS = NO;
				CLANG_ANALYZER_NONNULL = YES;
				CLANG_ANALYZER_NUMBER_OBJECT_CONVERSION = YES_AGGRESSIVE;
				CLANG_CXX_LANGUAGE_STANDARD = "gnu++14";
				CLANG_CXX_LIBRARY = "libc++";
				CLANG_ENABLE_MODULES = YES;
				CLANG_ENABLE_OBJC_ARC = YES;
				CLANG_ENABLE_OBJC_WEAK = YES;
				CLANG_WARN_BLOCK_CAPTURE_AUTORELEASING = YES;
				CLANG_WARN_BOOL_CONVERSION = YES;
				CLANG_WARN_COMMA = YES;
				CLANG_WARN_CONSTANT_CONVERSION = YES;
				CLANG_WARN_DEPRECATED_OBJC_IMPLEMENTATIONS = YES;
				CLANG_WARN_DIRECT_OBJC_ISA_USAGE = YES_ERROR;
				CLANG_WARN_DOCUMENTATION_COMMENTS = YES;
				CLANG_WARN_EMPTY_BODY = YES;
				CLANG_WARN_ENUM_CONVERSION = YES;
				CLANG_WARN_INFINITE_RECURSION = YES;
				CLANG_WARN_INT_CONVERSION = YES;
				CLANG_WARN_NON_LITERAL_NULL_CONVERSION = YES;
				CLANG_WARN_OBJC_IMPLICIT_RETAIN_SELF = YES;
				CLANG_WARN_OBJC_LITERAL_CONVERSION = YES;
				CLANG_WARN_OBJC_ROOT_CLASS = YES_ERROR;
				CLANG_WARN_RANGE_LOOP_ANALYSIS = YES;
				CLANG_WARN_STRICT_PROTOTYPES = YES;
				CLANG_WARN_SUSPICIOUS_MOVE = YES;
				CLANG_WARN_UNGUARDED_AVAILABILITY = YES_AGGRESSIVE;
				CLANG_WARN_UNREACHABLE_CODE = YES;
				CLANG_WARN__DUPLICATE_METHOD_MATCH = YES;
				COPY_PHASE_STRIP = NO;
				DEBUG_INFORMATION_FORMAT = dwarf;
				ENABLE_STRICT_OBJC_MSGSEND = YES;
				ENABLE_TESTABILITY = YES;
				GCC_C_LANGUAGE_STANDARD = gnu11;
				GCC_DYNAMIC_NO_PIC = NO;
				GCC_NO_COMMON_BLOCKS = YES;
				GCC_OPTIMIZATION_LEVEL = 0;
				GCC_PREPROCESSOR_DEFINITIONS = (
					"DEBUG=1",
					"$(inherited)",
				);
				GCC_WARN_64_TO_32_BIT_CONVERSION = YES;
				GCC_WARN_ABOUT_RETURN_TYPE = YES_ERROR;
				GCC_WARN_UNDECLARED_SELECTOR = YES;
				GCC_WARN_UNINITIALIZED_AUTOS = YES_AGGRESSIVE;
				GCC_WARN_UNUSED_FUNCTION = YES;
				GCC_WARN_UNUSED_VARIABLE = YES;
				IPHONEOS_DEPLOYMENT_TARGET = 13.5;
				MTL_ENABLE_DEBUG_INFO = INCLUDE_SOURCE;
				MTL_FAST_MATH = YES;
				ONLY_ACTIVE_ARCH = YES;
				SDKROOT = iphoneos;
				SWIFT_ACTIVE_COMPILATION_CONDITIONS = DEBUG;
				SWIFT_OPTIMIZATION_LEVEL = "-Onone";
			};
			name = Debug;
		};
		2DDC6879248EF888002DA9E1 /* Release */ = {
			isa = XCBuildConfiguration;
			buildSettings = {
				ALWAYS_SEARCH_USER_PATHS = NO;
				CLANG_ANALYZER_NONNULL = YES;
				CLANG_ANALYZER_NUMBER_OBJECT_CONVERSION = YES_AGGRESSIVE;
				CLANG_CXX_LANGUAGE_STANDARD = "gnu++14";
				CLANG_CXX_LIBRARY = "libc++";
				CLANG_ENABLE_MODULES = YES;
				CLANG_ENABLE_OBJC_ARC = YES;
				CLANG_ENABLE_OBJC_WEAK = YES;
				CLANG_WARN_BLOCK_CAPTURE_AUTORELEASING = YES;
				CLANG_WARN_BOOL_CONVERSION = YES;
				CLANG_WARN_COMMA = YES;
				CLANG_WARN_CONSTANT_CONVERSION = YES;
				CLANG_WARN_DEPRECATED_OBJC_IMPLEMENTATIONS = YES;
				CLANG_WARN_DIRECT_OBJC_ISA_USAGE = YES_ERROR;
				CLANG_WARN_DOCUMENTATION_COMMENTS = YES;
				CLANG_WARN_EMPTY_BODY = YES;
				CLANG_WARN_ENUM_CONVERSION = YES;
				CLANG_WARN_INFINITE_RECURSION = YES;
				CLANG_WARN_INT_CONVERSION = YES;
				CLANG_WARN_NON_LITERAL_NULL_CONVERSION = YES;
				CLANG_WARN_OBJC_IMPLICIT_RETAIN_SELF = YES;
				CLANG_WARN_OBJC_LITERAL_CONVERSION = YES;
				CLANG_WARN_OBJC_ROOT_CLASS = YES_ERROR;
				CLANG_WARN_RANGE_LOOP_ANALYSIS = YES;
				CLANG_WARN_STRICT_PROTOTYPES = YES;
				CLANG_WARN_SUSPICIOUS_MOVE = YES;
				CLANG_WARN_UNGUARDED_AVAILABILITY = YES_AGGRESSIVE;
				CLANG_WARN_UNREACHABLE_CODE = YES;
				CLANG_WARN__DUPLICATE_METHOD_MATCH = YES;
				COPY_PHASE_STRIP = NO;
				DEBUG_INFORMATION_FORMAT = "dwarf-with-dsym";
				ENABLE_NS_ASSERTIONS = NO;
				ENABLE_STRICT_OBJC_MSGSEND = YES;
				GCC_C_LANGUAGE_STANDARD = gnu11;
				GCC_NO_COMMON_BLOCKS = YES;
				GCC_WARN_64_TO_32_BIT_CONVERSION = YES;
				GCC_WARN_ABOUT_RETURN_TYPE = YES_ERROR;
				GCC_WARN_UNDECLARED_SELECTOR = YES;
				GCC_WARN_UNINITIALIZED_AUTOS = YES_AGGRESSIVE;
				GCC_WARN_UNUSED_FUNCTION = YES;
				GCC_WARN_UNUSED_VARIABLE = YES;
				IPHONEOS_DEPLOYMENT_TARGET = 13.5;
				MTL_ENABLE_DEBUG_INFO = NO;
				MTL_FAST_MATH = YES;
				SDKROOT = iphoneos;
				SWIFT_COMPILATION_MODE = wholemodule;
				SWIFT_OPTIMIZATION_LEVEL = "-O";
				VALIDATE_PRODUCT = YES;
			};
			name = Release;
		};
		2DDC687B248EF888002DA9E1 /* Debug */ = {
			isa = XCBuildConfiguration;
			buildSettings = {
				ASSETCATALOG_COMPILER_APPICON_NAME = AppIcon;
				CODE_SIGN_STYLE = Automatic;
				DEVELOPMENT_TEAM = PC8NU2KCRB;
				INFOPLIST_FILE = EpicNote/Info.plist;
				LD_RUNPATH_SEARCH_PATHS = (
					"$(inherited)",
					"@executable_path/Frameworks",
				);
				PRODUCT_BUNDLE_IDENTIFIER = com.NoteAppwithPanchal.EpicNote;
				PRODUCT_NAME = "$(TARGET_NAME)";
				SWIFT_VERSION = 5.0;
				TARGETED_DEVICE_FAMILY = 1;
			};
			name = Debug;
		};
		2DDC687C248EF888002DA9E1 /* Release */ = {
			isa = XCBuildConfiguration;
			buildSettings = {
				ASSETCATALOG_COMPILER_APPICON_NAME = AppIcon;
				CODE_SIGN_STYLE = Automatic;
				DEVELOPMENT_TEAM = PC8NU2KCRB;
				INFOPLIST_FILE = EpicNote/Info.plist;
				LD_RUNPATH_SEARCH_PATHS = (
					"$(inherited)",
					"@executable_path/Frameworks",
				);
				PRODUCT_BUNDLE_IDENTIFIER = com.NoteAppwithPanchal.EpicNote;
				PRODUCT_NAME = "$(TARGET_NAME)";
				SWIFT_VERSION = 5.0;
				TARGETED_DEVICE_FAMILY = 1;
			};
			name = Release;
		};
/* End XCBuildConfiguration section */

/* Begin XCConfigurationList section */
		2DDC685E248EF886002DA9E1 /* Build configuration list for PBXProject "EpicNote" */ = {
			isa = XCConfigurationList;
			buildConfigurations = (
				2DDC6878248EF888002DA9E1 /* Debug */,
				2DDC6879248EF888002DA9E1 /* Release */,
			);
			defaultConfigurationIsVisible = 0;
			defaultConfigurationName = Release;
		};
		2DDC687A248EF888002DA9E1 /* Build configuration list for PBXNativeTarget "EpicNote" */ = {
			isa = XCConfigurationList;
			buildConfigurations = (
				2DDC687B248EF888002DA9E1 /* Debug */,
				2DDC687C248EF888002DA9E1 /* Release */,
			);
			defaultConfigurationIsVisible = 0;
			defaultConfigurationName = Release;
		};
/* End XCConfigurationList section */

/* Begin XCVersionGroup section */
		2DDC686F248EF886002DA9E1 /* EpicNote.xcdatamodeld */ = {
			isa = XCVersionGroup;
			children = (
				2DDC6870248EF886002DA9E1 /* EpicNote.xcdatamodel */,
			);
			currentVersion = 2DDC6870248EF886002DA9E1 /* EpicNote.xcdatamodel */;
			path = EpicNote.xcdatamodeld;
			sourceTree = "<group>";
			versionGroupType = wrapper.xcdatamodel;
		};
/* End XCVersionGroup section */
	};
	rootObject = 2DDC685B248EF886002DA9E1 /* Project object */;
}
